// !$*UTF8*$!
{
	archiveVersion = 1;
	classes = {
	};
	objectVersion = 56;
	objects = {

/* Begin PBXBuildFile section */
		7A649C472AB0A6B100C4C018 /* AssignmentTotalityCorpApp.swift in Sources */ = {isa = PBXBuildFile; fileRef = 7A649C462AB0A6B100C4C018 /* AssignmentTotalityCorpApp.swift */; };
		7A649C492AB0A6B100C4C018 /* ContentView.swift in Sources */ = {isa = PBXBuildFile; fileRef = 7A649C482AB0A6B100C4C018 /* ContentView.swift */; };
		7A649C4B2AB0A6B200C4C018 /* Assets.xcassets in Resources */ = {isa = PBXBuildFile; fileRef = 7A649C4A2AB0A6B200C4C018 /* Assets.xcassets */; };
		7A649C4E2AB0A6B200C4C018 /* Preview Assets.xcassets in Resources */ = {isa = PBXBuildFile; fileRef = 7A649C4D2AB0A6B200C4C018 /* Preview Assets.xcassets */; };
		7A649C662AB0A81600C4C018 /* PostPlayButton.swift in Sources */ = {isa = PBXBuildFile; fileRef = 7A649C652AB0A81600C4C018 /* PostPlayButton.swift */; };
		7A649C682AB0A83E00C4C018 /* CardView.swift in Sources */ = {isa = PBXBuildFile; fileRef = 7A649C672AB0A83E00C4C018 /* CardView.swift */; };
		7A649C6A2AB0A85F00C4C018 /* ExpandedCardView.swift in Sources */ = {isa = PBXBuildFile; fileRef = 7A649C692AB0A85F00C4C018 /* ExpandedCardView.swift */; };
		7A649C6D2AB0A8AD00C4C018 /* Colors.swift in Sources */ = {isa = PBXBuildFile; fileRef = 7A649C6C2AB0A8AD00C4C018 /* Colors.swift */; };
		7A649C712AB0A92000C4C018 /* User.swift in Sources */ = {isa = PBXBuildFile; fileRef = 7A649C702AB0A92000C4C018 /* User.swift */; };
		7A649C732AB0A97D00C4C018 /* FirstSheetView.swift in Sources */ = {isa = PBXBuildFile; fileRef = 7A649C722AB0A97D00C4C018 /* FirstSheetView.swift */; };
		7A649C772AB0A9D600C4C018 /* PayButtonView.swift in Sources */ = {isa = PBXBuildFile; fileRef = 7A649C762AB0A9D600C4C018 /* PayButtonView.swift */; };
		7A649C792AB0A9DD00C4C018 /* SecondSheetView.swift in Sources */ = {isa = PBXBuildFile; fileRef = 7A649C782AB0A9DD00C4C018 /* SecondSheetView.swift */; };
		7A649C7B2AB0A9E300C4C018 /* ThirdSheetView.swift in Sources */ = {isa = PBXBuildFile; fileRef = 7A649C7A2AB0A9E300C4C018 /* ThirdSheetView.swift */; };
/* End PBXBuildFile section */

/* Begin PBXFileReference section */
		7A649C432AB0A6B100C4C018 /* AssignmentTotalityCorp.app */ = {isa = PBXFileReference; explicitFileType = wrapper.application; includeInIndex = 0; path = AssignmentTotalityCorp.app; sourceTree = BUILT_PRODUCTS_DIR; };
		7A649C462AB0A6B100C4C018 /* AssignmentTotalityCorpApp.swift */ = {isa = PBXFileReference; lastKnownFileType = sourcecode.swift; path = AssignmentTotalityCorpApp.swift; sourceTree = "<group>"; };
		7A649C482AB0A6B100C4C018 /* ContentView.swift */ = {isa = PBXFileReference; lastKnownFileType = sourcecode.swift; path = ContentView.swift; sourceTree = "<group>"; };
		7A649C4A2AB0A6B200C4C018 /* Assets.xcassets */ = {isa = PBXFileReference; lastKnownFileType = folder.assetcatalog; path = Assets.xcassets; sourceTree = "<group>"; };
		7A649C4D2AB0A6B200C4C018 /* Preview Assets.xcassets */ = {isa = PBXFileReference; lastKnownFileType = folder.assetcatalog; path = "Preview Assets.xcassets"; sourceTree = "<group>"; };
		7A649C652AB0A81600C4C018 /* PostPlayButton.swift */ = {isa = PBXFileReference; lastKnownFileType = sourcecode.swift; path = PostPlayButton.swift; sourceTree = "<group>"; };
		7A649C672AB0A83E00C4C018 /* CardView.swift */ = {isa = PBXFileReference; lastKnownFileType = sourcecode.swift; path = CardView.swift; sourceTree = "<group>"; };
		7A649C692AB0A85F00C4C018 /* ExpandedCardView.swift */ = {isa = PBXFileReference; lastKnownFileType = sourcecode.swift; path = ExpandedCardView.swift; sourceTree = "<group>"; };
		7A649C6C2AB0A8AD00C4C018 /* Colors.swift */ = {isa = PBXFileReference; fileEncoding = 4; lastKnownFileType = sourcecode.swift; name = Colors.swift; path = "../../../../../TotalityCorpiOS-main/TotalityCorpiOSAssignment/Extensions/Colors.swift"; sourceTree = "<group>"; };
		7A649C702AB0A92000C4C018 /* User.swift */ = {isa = PBXFileReference; fileEncoding = 4; lastKnownFileType = sourcecode.swift; name = User.swift; path = "../../../../../TotalityCorpiOS-main/TotalityCorpiOSAssignment/Model/User.swift"; sourceTree = "<group>"; };
		7A649C722AB0A97D00C4C018 /* FirstSheetView.swift */ = {isa = PBXFileReference; fileEncoding = 4; lastKnownFileType = sourcecode.swift; name = FirstSheetView.swift; path = "../../../../../TotalityCorpiOS-main/TotalityCorpiOSAssignment/View/FirstSheetView.swift"; sourceTree = "<group>"; };
		7A649C762AB0A9D600C4C018 /* PayButtonView.swift */ = {isa = PBXFileReference; fileEncoding = 4; lastKnownFileType = sourcecode.swift; name = PayButtonView.swift; path = "../../../../../TotalityCorpiOS-main/TotalityCorpiOSAssignment/View/PayButtonView.swift"; sourceTree = "<group>"; };
		7A649C782AB0A9DD00C4C018 /* SecondSheetView.swift */ = {isa = PBXFileReference; fileEncoding = 4; lastKnownFileType = sourcecode.swift; name = SecondSheetView.swift; path = "../../../../../TotalityCorpiOS-main/TotalityCorpiOSAssignment/View/SecondSheetView.swift"; sourceTree = "<group>"; };
		7A649C7A2AB0A9E300C4C018 /* ThirdSheetView.swift */ = {isa = PBXFileReference; fileEncoding = 4; lastKnownFileType = sourcecode.swift; name = ThirdSheetView.swift; path = "../../../../../TotalityCorpiOS-main/TotalityCorpiOSAssignment/View/ThirdSheetView.swift"; sourceTree = "<group>"; };
/* End PBXFileReference section */

/* Begin PBXFrameworksBuildPhase section */
		7A649C402AB0A6B100C4C018 /* Frameworks */ = {
			isa = PBXFrameworksBuildPhase;
			buildActionMask = 2147483647;
			files = (
			);
			runOnlyForDeploymentPostprocessing = 0;
		};
/* End PBXFrameworksBuildPhase section */

/* Begin PBXGroup section */
		7A649C3A2AB0A6B100C4C018 = {
			isa = PBXGroup;
			children = (
				7A649C452AB0A6B100C4C018 /* AssignmentTotalityCorp */,
				7A649C442AB0A6B100C4C018 /* Products */,
			);
			sourceTree = "<group>";
		};
		7A649C442AB0A6B100C4C018 /* Products */ = {
			isa = PBXGroup;
			children = (
				7A649C432AB0A6B100C4C018 /* AssignmentTotalityCorp.app */,
			);
			name = Products;
			sourceTree = "<group>";
		};
		7A649C452AB0A6B100C4C018 /* AssignmentTotalityCorp */ = {
			isa = PBXGroup;
			children = (
				7A649C6B2AB0A89B00C4C018 /* Extensions */,
				7A649C6F2AB0A91600C4C018 /* Models */,
				7A649C542AB0A75D00C4C018 /* Views */,
				7A649C462AB0A6B100C4C018 /* AssignmentTotalityCorpApp.swift */,
				7A649C482AB0A6B100C4C018 /* ContentView.swift */,
				7A649C4A2AB0A6B200C4C018 /* Assets.xcassets */,
				7A649C4C2AB0A6B200C4C018 /* Preview Content */,
			);
			path = AssignmentTotalityCorp;
			sourceTree = "<group>";
		};
		7A649C4C2AB0A6B200C4C018 /* Preview Content */ = {
			isa = PBXGroup;
			children = (
				7A649C4D2AB0A6B200C4C018 /* Preview Assets.xcassets */,
			);
			path = "Preview Content";
			sourceTree = "<group>";
		};
		7A649C542AB0A75D00C4C018 /* Views */ = {
			isa = PBXGroup;
			children = (
				7A649C672AB0A83E00C4C018 /* CardView.swift */,
				7A649C692AB0A85F00C4C018 /* ExpandedCardView.swift */,
				7A649C722AB0A97D00C4C018 /* FirstSheetView.swift */,
				7A649C762AB0A9D600C4C018 /* PayButtonView.swift */,
				7A649C652AB0A81600C4C018 /* PostPlayButton.swift */,
				7A649C782AB0A9DD00C4C018 /* SecondSheetView.swift */,
				7A649C7A2AB0A9E300C4C018 /* ThirdSheetView.swift */,
			);
			path = Views;
			sourceTree = "<group>";
		};
		7A649C6B2AB0A89B00C4C018 /* Extensions */ = {
			isa = PBXGroup;
			children = (
				7A649C6C2AB0A8AD00C4C018 /* Colors.swift */,
			);
			path = Extensions;
			sourceTree = "<group>";
		};
		7A649C6F2AB0A91600C4C018 /* Models */ = {
			isa = PBXGroup;
			children = (
				7A649C702AB0A92000C4C018 /* User.swift */,
			);
			path = Models;
			sourceTree = "<group>";
		};
/* End PBXGroup section */

/* Begin PBXNativeTarget section */
		7A649C422AB0A6B100C4C018 /* AssignmentTotalityCorp */ = {
			isa = PBXNativeTarget;
			buildConfigurationList = 7A649C512AB0A6B200C4C018 /* Build configuration list for PBXNativeTarget "AssignmentTotalityCorp" */;
			buildPhases = (
				7A649C3F2AB0A6B100C4C018 /* Sources */,
				7A649C402AB0A6B100C4C018 /* Frameworks */,
				7A649C412AB0A6B100C4C018 /* Resources */,
			);
			buildRules = (
			);
			dependencies = (
			);
			name = AssignmentTotalityCorp;
			productName = AssignmentTotalityCorp;
			productReference = 7A649C432AB0A6B100C4C018 /* AssignmentTotalityCorp.app */;
			productType = "com.apple.product-type.application";
		};
/* End PBXNativeTarget section */

/* Begin PBXProject section */
		7A649C3B2AB0A6B100C4C018 /* Project object */ = {
			isa = PBXProject;
			attributes = {
				BuildIndependentTargetsInParallel = 1;
				LastSwiftUpdateCheck = 1430;
				LastUpgradeCheck = 1430;
				TargetAttributes = {
					7A649C422AB0A6B100C4C018 = {
						CreatedOnToolsVersion = 14.3.1;
					};
				};
			};
			buildConfigurationList = 7A649C3E2AB0A6B100C4C018 /* Build configuration list for PBXProject "AssignmentTotalityCorp" */;
			compatibilityVersion = "Xcode 14.0";
			developmentRegion = en;
			hasScannedForEncodings = 0;
			knownRegions = (
				en,
				Base,
			);
			mainGroup = 7A649C3A2AB0A6B100C4C018;
			productRefGroup = 7A649C442AB0A6B100C4C018 /* Products */;
			projectDirPath = "";
			projectRoot = "";
			targets = (
				7A649C422AB0A6B100C4C018 /* AssignmentTotalityCorp */,
			);
		};
/* End PBXProject section */

/* Begin PBXResourcesBuildPhase section */
		7A649C412AB0A6B100C4C018 /* Resources */ = {
			isa = PBXResourcesBuildPhase;
			buildActionMask = 2147483647;
			files = (
				7A649C4E2AB0A6B200C4C018 /* Preview Assets.xcassets in Resources */,
				7A649C4B2AB0A6B200C4C018 /* Assets.xcassets in Resources */,
			);
			runOnlyForDeploymentPostprocessing = 0;
		};
/* End PBXResourcesBuildPhase section */

/* Begin PBXSourcesBuildPhase section */
		7A649C3F2AB0A6B100C4C018 /* Sources */ = {
			isa = PBXSourcesBuildPhase;
			buildActionMask = 2147483647;
			files = (
				7A649C6A2AB0A85F00C4C018 /* ExpandedCardView.swift in Sources */,
				7A649C6D2AB0A8AD00C4C018 /* Colors.swift in Sources */,
				7A649C662AB0A81600C4C018 /* PostPlayButton.swift in Sources */,
				7A649C732AB0A97D00C4C018 /* FirstSheetView.swift in Sources */,
				7A649C772AB0A9D600C4C018 /* PayButtonView.swift in Sources */,
				7A649C492AB0A6B100C4C018 /* ContentView.swift in Sources */,
				7A649C682AB0A83E00C4C018 /* CardView.swift in Sources */,
				7A649C792AB0A9DD00C4C018 /* SecondSheetView.swift in Sources */,
				7A649C472AB0A6B100C4C018 /* AssignmentTotalityCorpApp.swift in Sources */,
				7A649C7B2AB0A9E300C4C018 /* ThirdSheetView.swift in Sources */,
				7A649C712AB0A92000C4C018 /* User.swift in Sources */,
			);
			runOnlyForDeploymentPostprocessing = 0;
		};
/* End PBXSourcesBuildPhase section */

/* Begin XCBuildConfiguration section */
		7A649C4F2AB0A6B200C4C018 /* Debug */ = {
			isa = XCBuildConfiguration;
			buildSettings = {
				ALWAYS_SEARCH_USER_PATHS = NO;
				CLANG_ANALYZER_NONNULL = YES;
				CLANG_ANALYZER_NUMBER_OBJECT_CONVERSION = YES_AGGRESSIVE;
				CLANG_CXX_LANGUAGE_STANDARD = "gnu++20";
				CLANG_ENABLE_MODULES = YES;
				CLANG_ENABLE_OBJC_ARC = YES;
				CLANG_ENABLE_OBJC_WEAK = YES;
				CLANG_WARN_BLOCK_CAPTURE_AUTORELEASING = YES;
				CLANG_WARN_BOOL_CONVERSION = YES;
				CLANG_WARN_COMMA = YES;
				CLANG_WARN_CONSTANT_CONVERSION = YES;
				CLANG_WARN_DEPRECATED_OBJC_IMPLEMENTATIONS = YES;
				CLANG_WARN_DIRECT_OBJC_ISA_USAGE = YES_ERROR;
				CLANG_WARN_DOCUMENTATION_COMMENTS = YES;
				CLANG_WARN_EMPTY_BODY = YES;
				CLANG_WARN_ENUM_CONVERSION = YES;
				CLANG_WARN_INFINITE_RECURSION = YES;
				CLANG_WARN_INT_CONVERSION = YES;
				CLANG_WARN_NON_LITERAL_NULL_CONVERSION = YES;
				CLANG_WARN_OBJC_IMPLICIT_RETAIN_SELF = YES;
				CLANG_WARN_OBJC_LITERAL_CONVERSION = YES;
				CLANG_WARN_OBJC_ROOT_CLASS = YES_ERROR;
				CLANG_WARN_QUOTED_INCLUDE_IN_FRAMEWORK_HEADER = YES;
				CLANG_WARN_RANGE_LOOP_ANALYSIS = YES;
				CLANG_WARN_STRICT_PROTOTYPES = YES;
				CLANG_WARN_SUSPICIOUS_MOVE = YES;
				CLANG_WARN_UNGUARDED_AVAILABILITY = YES_AGGRESSIVE;
				CLANG_WARN_UNREACHABLE_CODE = YES;
				CLANG_WARN__DUPLICATE_METHOD_MATCH = YES;
				COPY_PHASE_STRIP = NO;
				DEBUG_INFORMATION_FORMAT = dwarf;
				ENABLE_STRICT_OBJC_MSGSEND = YES;
				ENABLE_TESTABILITY = YES;
				GCC_C_LANGUAGE_STANDARD = gnu11;
				GCC_DYNAMIC_NO_PIC = NO;
				GCC_NO_COMMON_BLOCKS = YES;
				GCC_OPTIMIZATION_LEVEL = 0;
				GCC_PREPROCESSOR_DEFINITIONS = (
					"DEBUG=1",
					"$(inherited)",
				);
				GCC_WARN_64_TO_32_BIT_CONVERSION = YES;
				GCC_WARN_ABOUT_RETURN_TYPE = YES_ERROR;
				GCC_WARN_UNDECLARED_SELECTOR = YES;
				GCC_WARN_UNINITIALIZED_AUTOS = YES_AGGRESSIVE;
				GCC_WARN_UNUSED_FUNCTION = YES;
				GCC_WARN_UNUSED_VARIABLE = YES;
				IPHONEOS_DEPLOYMENT_TARGET = 16.4;
				MTL_ENABLE_DEBUG_INFO = INCLUDE_SOURCE;
				MTL_FAST_MATH = YES;
				ONLY_ACTIVE_ARCH = YES;
				SDKROOT = iphoneos;
				SWIFT_ACTIVE_COMPILATION_CONDITIONS = DEBUG;
				SWIFT_OPTIMIZATION_LEVEL = "-Onone";
			};
			name = Debug;
		};
		7A649C502AB0A6B200C4C018 /* Release */ = {
			isa = XCBuildConfiguration;
			buildSettings = {
				ALWAYS_SEARCH_USER_PATHS = NO;
				CLANG_ANALYZER_NONNULL = YES;
				CLANG_ANALYZER_NUMBER_OBJECT_CONVERSION = YES_AGGRESSIVE;
				CLANG_CXX_LANGUAGE_STANDARD = "gnu++20";
				CLANG_ENABLE_MODULES = YES;
				CLANG_ENABLE_OBJC_ARC = YES;
				CLANG_ENABLE_OBJC_WEAK = YES;
				CLANG_WARN_BLOCK_CAPTURE_AUTORELEASING = YES;
				CLANG_WARN_BOOL_CONVERSION = YES;
				CLANG_WARN_COMMA = YES;
				CLANG_WARN_CONSTANT_CONVERSION = YES;
				CLANG_WARN_DEPRECATED_OBJC_IMPLEMENTATIONS = YES;
				CLANG_WARN_DIRECT_OBJC_ISA_USAGE = YES_ERROR;
				CLANG_WARN_DOCUMENTATION_COMMENTS = YES;
				CLANG_WARN_EMPTY_BODY = YES;
				CLANG_WARN_ENUM_CONVERSION = YES;
				CLANG_WARN_INFINITE_RECURSION = YES;
				CLANG_WARN_INT_CONVERSION = YES;
				CLANG_WARN_NON_LITERAL_NULL_CONVERSION = YES;
				CLANG_WARN_OBJC_IMPLICIT_RETAIN_SELF = YES;
				CLANG_WARN_OBJC_LITERAL_CONVERSION = YES;
				CLANG_WARN_OBJC_ROOT_CLASS = YES_ERROR;
				CLANG_WARN_QUOTED_INCLUDE_IN_FRAMEWORK_HEADER = YES;
				CLANG_WARN_RANGE_LOOP_ANALYSIS = YES;
				CLANG_WARN_STRICT_PROTOTYPES = YES;
				CLANG_WARN_SUSPICIOUS_MOVE = YES;
				CLANG_WARN_UNGUARDED_AVAILABILITY = YES_AGGRESSIVE;
				CLANG_WARN_UNREACHABLE_CODE = YES;
				CLANG_WARN__DUPLICATE_METHOD_MATCH = YES;
				COPY_PHASE_STRIP = NO;
				DEBUG_INFORMATION_FORMAT = "dwarf-with-dsym";
				ENABLE_NS_ASSERTIONS = NO;
				ENABLE_STRICT_OBJC_MSGSEND = YES;
				GCC_C_LANGUAGE_STANDARD = gnu11;
				GCC_NO_COMMON_BLOCKS = YES;
				GCC_WARN_64_TO_32_BIT_CONVERSION = YES;
				GCC_WARN_ABOUT_RETURN_TYPE = YES_ERROR;
				GCC_WARN_UNDECLARED_SELECTOR = YES;
				GCC_WARN_UNINITIALIZED_AUTOS = YES_AGGRESSIVE;
				GCC_WARN_UNUSED_FUNCTION = YES;
				GCC_WARN_UNUSED_VARIABLE = YES;
				IPHONEOS_DEPLOYMENT_TARGET = 16.4;
				MTL_ENABLE_DEBUG_INFO = NO;
				MTL_FAST_MATH = YES;
				SDKROOT = iphoneos;
				SWIFT_COMPILATION_MODE = wholemodule;
				SWIFT_OPTIMIZATION_LEVEL = "-O";
				VALIDATE_PRODUCT = YES;
			};
			name = Release;
		};
		7A649C522AB0A6B200C4C018 /* Debug */ = {
			isa = XCBuildConfiguration;
			buildSettings = {
				ASSETCATALOG_COMPILER_APPICON_NAME = AppIcon;
				ASSETCATALOG_COMPILER_GLOBAL_ACCENT_COLOR_NAME = AccentColor;
				CODE_SIGN_STYLE = Automatic;
				CURRENT_PROJECT_VERSION = 1;
				DEVELOPMENT_ASSET_PATHS = "\"AssignmentTotalityCorp/Preview Content\"";
				DEVELOPMENT_TEAM = ML67Q7NY9A;
				ENABLE_PREVIEWS = YES;
				GENERATE_INFOPLIST_FILE = YES;
				INFOPLIST_KEY_UIApplicationSceneManifest_Generation = YES;
				INFOPLIST_KEY_UIApplicationSupportsIndirectInputEvents = YES;
				INFOPLIST_KEY_UILaunchScreen_Generation = YES;
				INFOPLIST_KEY_UISupportedInterfaceOrientations_iPad = "UIInterfaceOrientationPortrait UIInterfaceOrientationPortraitUpsideDown UIInterfaceOrientationLandscapeLeft UIInterfaceOrientationLandscapeRight";
				INFOPLIST_KEY_UISupportedInterfaceOrientations_iPhone = "UIInterfaceOrientationPortrait UIInterfaceOrientationLandscapeLeft UIInterfaceOrientationLandscapeRight";
				LD_RUNPATH_SEARCH_PATHS = (
					"$(inherited)",
					"@executable_path/Frameworks",
				);
				MARKETING_VERSION = 1.0;
				PRODUCT_BUNDLE_IDENTIFIER = com.ajbaggar.AssignmentTotalityCorp;
				PRODUCT_NAME = "$(TARGET_NAME)";
				SWIFT_EMIT_LOC_STRINGS = YES;
				SWIFT_VERSION = 5.0;
				TARGETED_DEVICE_FAMILY = "1,2";
			};
			name = Debug;
		};
		7A649C532AB0A6B200C4C018 /* Release */ = {
			isa = XCBuildConfiguration;
			buildSettings = {
				ASSETCATALOG_COMPILER_APPICON_NAME = AppIcon;
				ASSETCATALOG_COMPILER_GLOBAL_ACCENT_COLOR_NAME = AccentColor;
				CODE_SIGN_STYLE = Automatic;
				CURRENT_PROJECT_VERSION = 1;
				DEVELOPMENT_ASSET_PATHS = "\"AssignmentTotalityCorp/Preview Content\"";
				DEVELOPMENT_TEAM = ML67Q7NY9A;
				ENABLE_PREVIEWS = YES;
				GENERATE_INFOPLIST_FILE = YES;
				INFOPLIST_KEY_UIApplicationSceneManifest_Generation = YES;
				INFOPLIST_KEY_UIApplicationSupportsIndirectInputEvents = YES;
				INFOPLIST_KEY_UILaunchScreen_Generation = YES;
				INFOPLIST_KEY_UISupportedInterfaceOrientations_iPad = "UIInterfaceOrientationPortrait UIInterfaceOrientationPortraitUpsideDown UIInterfaceOrientationLandscapeLeft UIInterfaceOrientationLandscapeRight";
				INFOPLIST_KEY_UISupportedInterfaceOrientations_iPhone = "UIInterfaceOrientationPortrait UIInterfaceOrientationLandscapeLeft UIInterfaceOrientationLandscapeRight";
				LD_RUNPATH_SEARCH_PATHS = (
					"$(inherited)",
					"@executable_path/Frameworks",
				);
				MARKETING_VERSION = 1.0;
				PRODUCT_BUNDLE_IDENTIFIER = com.ajbaggar.AssignmentTotalityCorp;
				PRODUCT_NAME = "$(TARGET_NAME)";
				SWIFT_EMIT_LOC_STRINGS = YES;
				SWIFT_VERSION = 5.0;
				TARGETED_DEVICE_FAMILY = "1,2";
			};
			name = Release;
		};
/* End XCBuildConfiguration section */

/* Begin XCConfigurationList section */
		7A649C3E2AB0A6B100C4C018 /* Build configuration list for PBXProject "AssignmentTotalityCorp" */ = {
			isa = XCConfigurationList;
			buildConfigurations = (
				7A649C4F2AB0A6B200C4C018 /* Debug */,
				7A649C502AB0A6B200C4C018 /* Release */,
			);
			defaultConfigurationIsVisible = 0;
			defaultConfigurationName = Release;
		};
		7A649C512AB0A6B200C4C018 /* Build configuration list for PBXNativeTarget "AssignmentTotalityCorp" */ = {
			isa = XCConfigurationList;
			buildConfigurations = (
				7A649C522AB0A6B200C4C018 /* Debug */,
				7A649C532AB0A6B200C4C018 /* Release */,
			);
			defaultConfigurationIsVisible = 0;
			defaultConfigurationName = Release;
		};
/* End XCConfigurationList section */
	};
	rootObject = 7A649C3B2AB0A6B100C4C018 /* Project object */;
}
